
Microsoft Visual Studio Solution File, Format Version 12.00
# Visual Studio Version 17
VisualStudioVersion = 17.0.31919.166
MinimumVisualStudioVersion = 10.0.40219.1
Project("{FAE04EC0-301F-11D3-BF4B-00C04F79EFBC}") = "CookieAuthenticationTest", "CookieAuthenticationTest\CookieAuthenticationTest.csproj", "{3B9FFF24-E514-451F-8FC4-17A5B0EB86E2}"
EndProject
Project("{FAE04EC0-301F-11D3-BF4B-00C04F79EFBC}") = "JwtBearerAuthenticationTest", "JwtBearerAuthenticationTest\JwtBearerAuthenticationTest.csproj", "{C39AAA7B-3FE1-41CD-9498-C74AE8C9295E}"
EndProject
Global
	GlobalSection(SolutionConfigurationPlatforms) = preSolution
		Debug|Any CPU = Debug|Any CPU
		Release|Any CPU = Release|Any CPU
	EndGlobalSection
	GlobalSection(ProjectConfigurationPlatforms) = postSolution
		{3B9FFF24-E514-451F-8FC4-17A5B0EB86E2}.Debug|Any CPU.ActiveCfg = Debug|Any CPU
		{3B9FFF24-E514-451F-8FC4-17A5B0EB86E2}.Debug|Any CPU.Build.0 = Debug|Any CPU
		{3B9FFF24-E514-451F-8FC4-17A5B0EB86E2}.Release|Any CPU.ActiveCfg = Release|Any CPU
		{3B9FFF24-E514-451F-8FC4-17A5B0EB86E2}.Release|Any CPU.Build.0 = Release|Any CPU
		{C39AAA7B-3FE1-41CD-9498-C74AE8C9295E}.Debug|Any CPU.ActiveCfg = Debug|Any CPU
		{C39AAA7B-3FE1-41CD-9498-C74AE8C9295E}.Debug|Any CPU.Build.0 = Debug|Any CPU
		{C39AAA7B-3FE1-41CD-9498-C74AE8C9295E}.Release|Any CPU.ActiveCfg = Release|Any CPU
		{C39AAA7B-3FE1-41CD-9498-C74AE8C9295E}.Release|Any CPU.Build.0 = Release|Any CPU
	EndGlobalSection
	GlobalSection(SolutionProperties) = preSolution
		HideSolutionNode = FALSE
	EndGlobalSection
	GlobalSection(ExtensibilityGlobals) = postSolution
		SolutionGuid = {11E488CA-9942-45AD-9CD2-05E222EB157A}
	EndGlobalSection
EndGlobal
